
Microsoft Visual Studio Solution File, Format Version 12.00
# Visual Studio Version 17
VisualStudioVersion = 17.0.31912.275
MinimumVisualStudioVersion = 10.0.40219.1
Project("{6EC3EE1D-3C4E-46DD-8F32-0CC8E7565705}") = "PhillipiansProxy", "PhillipiansProxy\PhillipiansProxy.fsproj", "{CDCCE45F-D6B5-43B6-A475-4826D63A22E3}"
EndProject
Project("{6EC3EE1D-3C4E-46DD-8F32-0CC8E7565705}") = "ImageClassificationTest", "ImageClassificationTest\ImageClassificationTest.fsproj", "{A9C33FBE-E0C3-4E1B-B51A-5C29AE46D7B6}"
EndProject
Project("{9A19103F-16F7-4668-BE54-9A1E7A4F7556}") = "TensorModel", "TensorModel\TensorModel.csproj", "{1585CC39-EA77-4983-A762-98D74A7584E5}"
EndProject
Project("{9A19103F-16F7-4668-BE54-9A1E7A4F7556}") = "NsfwSpy", "NsfwSpy\NsfwSpy.csproj", "{FA260608-A0A6-483B-9EF1-5574B6B60016}"
EndProject
Project("{2150E333-8FDC-42A3-9474-1A3956D46DE8}") = "Experiments", "Experiments", "{200ED132-873B-4EF9-8A56-73BF49EE5EA0}"
EndProject
Project("{9A19103F-16F7-4668-BE54-9A1E7A4F7556}") = "WinMLExperiment", "Experiments\WinMLExperiment\WinMLExperiment.csproj", "{47FAA541-750A-4344-9D6F-1E009302DB66}"
EndProject
Project("{FAE04EC0-301F-11D3-BF4B-00C04F79EFBC}") = "DetectFromDisk", "Experiments\DetectFromDisk\DetectFromDisk.csproj", "{C86C0401-0E76-4646-8AB4-170CEC4233DD}"
EndProject
Global
	GlobalSection(SolutionConfigurationPlatforms) = preSolution
		Debug|Any CPU = Debug|Any CPU
		Debug|ARM = Debug|ARM
		Debug|ARM64 = Debug|ARM64
		Debug|x64 = Debug|x64
		Debug|x86 = Debug|x86
		Release|Any CPU = Release|Any CPU
		Release|ARM = Release|ARM
		Release|ARM64 = Release|ARM64
		Release|x64 = Release|x64
		Release|x86 = Release|x86
	EndGlobalSection
	GlobalSection(ProjectConfigurationPlatforms) = postSolution
		{CDCCE45F-D6B5-43B6-A475-4826D63A22E3}.Debug|Any CPU.ActiveCfg = Debug|Any CPU
		{CDCCE45F-D6B5-43B6-A475-4826D63A22E3}.Debug|Any CPU.Build.0 = Debug|Any CPU
		{CDCCE45F-D6B5-43B6-A475-4826D63A22E3}.Debug|ARM.ActiveCfg = Debug|Any CPU
		{CDCCE45F-D6B5-43B6-A475-4826D63A22E3}.Debug|ARM.Build.0 = Debug|Any CPU
		{CDCCE45F-D6B5-43B6-A475-4826D63A22E3}.Debug|ARM64.ActiveCfg = Debug|Any CPU
		{CDCCE45F-D6B5-43B6-A475-4826D63A22E3}.Debug|ARM64.Build.0 = Debug|Any CPU
		{CDCCE45F-D6B5-43B6-A475-4826D63A22E3}.Debug|x64.ActiveCfg = Debug|Any CPU
		{CDCCE45F-D6B5-43B6-A475-4826D63A22E3}.Debug|x64.Build.0 = Debug|Any CPU
		{CDCCE45F-D6B5-43B6-A475-4826D63A22E3}.Debug|x86.ActiveCfg = Debug|Any CPU
		{CDCCE45F-D6B5-43B6-A475-4826D63A22E3}.Debug|x86.Build.0 = Debug|Any CPU
		{CDCCE45F-D6B5-43B6-A475-4826D63A22E3}.Release|Any CPU.ActiveCfg = Release|Any CPU
		{CDCCE45F-D6B5-43B6-A475-4826D63A22E3}.Release|Any CPU.Build.0 = Release|Any CPU
		{CDCCE45F-D6B5-43B6-A475-4826D63A22E3}.Release|ARM.ActiveCfg = Release|Any CPU
		{CDCCE45F-D6B5-43B6-A475-4826D63A22E3}.Release|ARM.Build.0 = Release|Any CPU
		{CDCCE45F-D6B5-43B6-A475-4826D63A22E3}.Release|ARM64.ActiveCfg = Release|Any CPU
		{CDCCE45F-D6B5-43B6-A475-4826D63A22E3}.Release|ARM64.Build.0 = Release|Any CPU
		{CDCCE45F-D6B5-43B6-A475-4826D63A22E3}.Release|x64.ActiveCfg = Release|Any CPU
		{CDCCE45F-D6B5-43B6-A475-4826D63A22E3}.Release|x64.Build.0 = Release|Any CPU
		{CDCCE45F-D6B5-43B6-A475-4826D63A22E3}.Release|x86.ActiveCfg = Release|Any CPU
		{CDCCE45F-D6B5-43B6-A475-4826D63A22E3}.Release|x86.Build.0 = Release|Any CPU
		{A9C33FBE-E0C3-4E1B-B51A-5C29AE46D7B6}.Debug|Any CPU.ActiveCfg = Debug|Any CPU
		{A9C33FBE-E0C3-4E1B-B51A-5C29AE46D7B6}.Debug|Any CPU.Build.0 = Debug|Any CPU
		{A9C33FBE-E0C3-4E1B-B51A-5C29AE46D7B6}.Debug|ARM.ActiveCfg = Debug|Any CPU
		{A9C33FBE-E0C3-4E1B-B51A-5C29AE46D7B6}.Debug|ARM.Build.0 = Debug|Any CPU
		{A9C33FBE-E0C3-4E1B-B51A-5C29AE46D7B6}.Debug|ARM64.ActiveCfg = Debug|Any CPU
		{A9C33FBE-E0C3-4E1B-B51A-5C29AE46D7B6}.Debug|ARM64.Build.0 = Debug|Any CPU
		{A9C33FBE-E0C3-4E1B-B51A-5C29AE46D7B6}.Debug|x64.ActiveCfg = Debug|Any CPU
		{A9C33FBE-E0C3-4E1B-B51A-5C29AE46D7B6}.Debug|x64.Build.0 = Debug|Any CPU
		{A9C33FBE-E0C3-4E1B-B51A-5C29AE46D7B6}.Debug|x86.ActiveCfg = Debug|Any CPU
		{A9C33FBE-E0C3-4E1B-B51A-5C29AE46D7B6}.Debug|x86.Build.0 = Debug|Any CPU
		{A9C33FBE-E0C3-4E1B-B51A-5C29AE46D7B6}.Release|Any CPU.ActiveCfg = Release|Any CPU
		{A9C33FBE-E0C3-4E1B-B51A-5C29AE46D7B6}.Release|Any CPU.Build.0 = Release|Any CPU
		{A9C33FBE-E0C3-4E1B-B51A-5C29AE46D7B6}.Release|ARM.ActiveCfg = Release|Any CPU
		{A9C33FBE-E0C3-4E1B-B51A-5C29AE46D7B6}.Release|ARM.Build.0 = Release|Any CPU
		{A9C33FBE-E0C3-4E1B-B51A-5C29AE46D7B6}.Release|ARM64.ActiveCfg = Release|Any CPU
		{A9C33FBE-E0C3-4E1B-B51A-5C29AE46D7B6}.Release|ARM64.Build.0 = Release|Any CPU
		{A9C33FBE-E0C3-4E1B-B51A-5C29AE46D7B6}.Release|x64.ActiveCfg = Release|Any CPU
		{A9C33FBE-E0C3-4E1B-B51A-5C29AE46D7B6}.Release|x64.Build.0 = Release|Any CPU
		{A9C33FBE-E0C3-4E1B-B51A-5C29AE46D7B6}.Release|x86.ActiveCfg = Release|Any CPU
		{A9C33FBE-E0C3-4E1B-B51A-5C29AE46D7B6}.Release|x86.Build.0 = Release|Any CPU
		{1585CC39-EA77-4983-A762-98D74A7584E5}.Debug|Any CPU.ActiveCfg = Debug|Any CPU
		{1585CC39-EA77-4983-A762-98D74A7584E5}.Debug|Any CPU.Build.0 = Debug|Any CPU
		{1585CC39-EA77-4983-A762-98D74A7584E5}.Debug|ARM.ActiveCfg = Debug|Any CPU
		{1585CC39-EA77-4983-A762-98D74A7584E5}.Debug|ARM.Build.0 = Debug|Any CPU
		{1585CC39-EA77-4983-A762-98D74A7584E5}.Debug|ARM64.ActiveCfg = Debug|Any CPU
		{1585CC39-EA77-4983-A762-98D74A7584E5}.Debug|ARM64.Build.0 = Debug|Any CPU
		{1585CC39-EA77-4983-A762-98D74A7584E5}.Debug|x64.ActiveCfg = Debug|x64
		{1585CC39-EA77-4983-A762-98D74A7584E5}.Debug|x64.Build.0 = Debug|x64
		{1585CC39-EA77-4983-A762-98D74A7584E5}.Debug|x86.ActiveCfg = Debug|Any CPU
		{1585CC39-EA77-4983-A762-98D74A7584E5}.Debug|x86.Build.0 = Debug|Any CPU
		{1585CC39-EA77-4983-A762-98D74A7584E5}.Release|Any CPU.ActiveCfg = Release|Any CPU
		{1585CC39-EA77-4983-A762-98D74A7584E5}.Release|Any CPU.Build.0 = Release|Any CPU
		{1585CC39-EA77-4983-A762-98D74A7584E5}.Release|ARM.ActiveCfg = Release|Any CPU
		{1585CC39-EA77-4983-A762-98D74A7584E5}.Release|ARM.Build.0 = Release|Any CPU
		{1585CC39-EA77-4983-A762-98D74A7584E5}.Release|ARM64.ActiveCfg = Release|Any CPU
		{1585CC39-EA77-4983-A762-98D74A7584E5}.Release|ARM64.Build.0 = Release|Any CPU
		{1585CC39-EA77-4983-A762-98D74A7584E5}.Release|x64.ActiveCfg = Release|x64
		{1585CC39-EA77-4983-A762-98D74A7584E5}.Release|x64.Build.0 = Release|x64
		{1585CC39-EA77-4983-A762-98D74A7584E5}.Release|x86.ActiveCfg = Release|Any CPU
		{1585CC39-EA77-4983-A762-98D74A7584E5}.Release|x86.Build.0 = Release|Any CPU
		{FA260608-A0A6-483B-9EF1-5574B6B60016}.Debug|Any CPU.ActiveCfg = Debug|Any CPU
		{FA260608-A0A6-483B-9EF1-5574B6B60016}.Debug|Any CPU.Build.0 = Debug|Any CPU
		{FA260608-A0A6-483B-9EF1-5574B6B60016}.Debug|ARM.ActiveCfg = Debug|Any CPU
		{FA260608-A0A6-483B-9EF1-5574B6B60016}.Debug|ARM.Build.0 = Debug|Any CPU
		{FA260608-A0A6-483B-9EF1-5574B6B60016}.Debug|ARM64.ActiveCfg = Debug|Any CPU
		{FA260608-A0A6-483B-9EF1-5574B6B60016}.Debug|ARM64.Build.0 = Debug|Any CPU
		{FA260608-A0A6-483B-9EF1-5574B6B60016}.Debug|x64.ActiveCfg = Debug|Any CPU
		{FA260608-A0A6-483B-9EF1-5574B6B60016}.Debug|x64.Build.0 = Debug|Any CPU
		{FA260608-A0A6-483B-9EF1-5574B6B60016}.Debug|x86.ActiveCfg = Debug|Any CPU
		{FA260608-A0A6-483B-9EF1-5574B6B60016}.Debug|x86.Build.0 = Debug|Any CPU
		{FA260608-A0A6-483B-9EF1-5574B6B60016}.Release|Any CPU.ActiveCfg = Release|Any CPU
		{FA260608-A0A6-483B-9EF1-5574B6B60016}.Release|Any CPU.Build.0 = Release|Any CPU
		{FA260608-A0A6-483B-9EF1-5574B6B60016}.Release|ARM.ActiveCfg = Release|Any CPU
		{FA260608-A0A6-483B-9EF1-5574B6B60016}.Release|ARM.Build.0 = Release|Any CPU
		{FA260608-A0A6-483B-9EF1-5574B6B60016}.Release|ARM64.ActiveCfg = Release|Any CPU
		{FA260608-A0A6-483B-9EF1-5574B6B60016}.Release|ARM64.Build.0 = Release|Any CPU
		{FA260608-A0A6-483B-9EF1-5574B6B60016}.Release|x64.ActiveCfg = Release|Any CPU
		{FA260608-A0A6-483B-9EF1-5574B6B60016}.Release|x64.Build.0 = Release|Any CPU
		{FA260608-A0A6-483B-9EF1-5574B6B60016}.Release|x86.ActiveCfg = Release|Any CPU
		{FA260608-A0A6-483B-9EF1-5574B6B60016}.Release|x86.Build.0 = Release|Any CPU
		{47FAA541-750A-4344-9D6F-1E009302DB66}.Debug|Any CPU.ActiveCfg = Debug|Any CPU
		{47FAA541-750A-4344-9D6F-1E009302DB66}.Debug|Any CPU.Build.0 = Debug|Any CPU
		{47FAA541-750A-4344-9D6F-1E009302DB66}.Debug|ARM.ActiveCfg = Debug|Any CPU
		{47FAA541-750A-4344-9D6F-1E009302DB66}.Debug|ARM.Build.0 = Debug|Any CPU
		{47FAA541-750A-4344-9D6F-1E009302DB66}.Debug|ARM64.ActiveCfg = Debug|Any CPU
		{47FAA541-750A-4344-9D6F-1E009302DB66}.Debug|ARM64.Build.0 = Debug|Any CPU
		{47FAA541-750A-4344-9D6F-1E009302DB66}.Debug|x64.ActiveCfg = Debug|Any CPU
		{47FAA541-750A-4344-9D6F-1E009302DB66}.Debug|x64.Build.0 = Debug|Any CPU
		{47FAA541-750A-4344-9D6F-1E009302DB66}.Debug|x86.ActiveCfg = Debug|Any CPU
		{47FAA541-750A-4344-9D6F-1E009302DB66}.Debug|x86.Build.0 = Debug|Any CPU
		{47FAA541-750A-4344-9D6F-1E009302DB66}.Release|Any CPU.ActiveCfg = Release|Any CPU
		{47FAA541-750A-4344-9D6F-1E009302DB66}.Release|Any CPU.Build.0 = Release|Any CPU
		{47FAA541-750A-4344-9D6F-1E009302DB66}.Release|ARM.ActiveCfg = Release|Any CPU
		{47FAA541-750A-4344-9D6F-1E009302DB66}.Release|ARM.Build.0 = Release|Any CPU
		{47FAA541-750A-4344-9D6F-1E009302DB66}.Release|ARM64.ActiveCfg = Release|Any CPU
		{47FAA541-750A-4344-9D6F-1E009302DB66}.Release|ARM64.Build.0 = Release|Any CPU
		{47FAA541-750A-4344-9D6F-1E009302DB66}.Release|x64.ActiveCfg = Release|Any CPU
		{47FAA541-750A-4344-9D6F-1E009302DB66}.Release|x64.Build.0 = Release|Any CPU
		{47FAA541-750A-4344-9D6F-1E009302DB66}.Release|x86.ActiveCfg = Release|Any CPU
		{47FAA541-750A-4344-9D6F-1E009302DB66}.Release|x86.Build.0 = Release|Any CPU
		{C86C0401-0E76-4646-8AB4-170CEC4233DD}.Debug|Any CPU.ActiveCfg = Debug|Any CPU
		{C86C0401-0E76-4646-8AB4-170CEC4233DD}.Debug|Any CPU.Build.0 = Debug|Any CPU
		{C86C0401-0E76-4646-8AB4-170CEC4233DD}.Debug|ARM.ActiveCfg = Debug|Any CPU
		{C86C0401-0E76-4646-8AB4-170CEC4233DD}.Debug|ARM.Build.0 = Debug|Any CPU
		{C86C0401-0E76-4646-8AB4-170CEC4233DD}.Debug|ARM64.ActiveCfg = Debug|Any CPU
		{C86C0401-0E76-4646-8AB4-170CEC4233DD}.Debug|ARM64.Build.0 = Debug|Any CPU
		{C86C0401-0E76-4646-8AB4-170CEC4233DD}.Debug|x64.ActiveCfg = Debug|Any CPU
		{C86C0401-0E76-4646-8AB4-170CEC4233DD}.Debug|x64.Build.0 = Debug|Any CPU
		{C86C0401-0E76-4646-8AB4-170CEC4233DD}.Debug|x86.ActiveCfg = Debug|Any CPU
		{C86C0401-0E76-4646-8AB4-170CEC4233DD}.Debug|x86.Build.0 = Debug|Any CPU
		{C86C0401-0E76-4646-8AB4-170CEC4233DD}.Release|Any CPU.ActiveCfg = Release|Any CPU
		{C86C0401-0E76-4646-8AB4-170CEC4233DD}.Release|Any CPU.Build.0 = Release|Any CPU
		{C86C0401-0E76-4646-8AB4-170CEC4233DD}.Release|ARM.ActiveCfg = Release|Any CPU
		{C86C0401-0E76-4646-8AB4-170CEC4233DD}.Release|ARM.Build.0 = Release|Any CPU
		{C86C0401-0E76-4646-8AB4-170CEC4233DD}.Release|ARM64.ActiveCfg = Release|Any CPU
		{C86C0401-0E76-4646-8AB4-170CEC4233DD}.Release|ARM64.Build.0 = Release|Any CPU
		{C86C0401-0E76-4646-8AB4-170CEC4233DD}.Release|x64.ActiveCfg = Release|Any CPU
		{C86C0401-0E76-4646-8AB4-170CEC4233DD}.Release|x64.Build.0 = Release|Any CPU
		{C86C0401-0E76-4646-8AB4-170CEC4233DD}.Release|x86.ActiveCfg = Release|Any CPU
		{C86C0401-0E76-4646-8AB4-170CEC4233DD}.Release|x86.Build.0 = Release|Any CPU
	EndGlobalSection
	GlobalSection(SolutionProperties) = preSolution
		HideSolutionNode = FALSE
	EndGlobalSection
	GlobalSection(NestedProjects) = preSolution
		{47FAA541-750A-4344-9D6F-1E009302DB66} = {200ED132-873B-4EF9-8A56-73BF49EE5EA0}
		{C86C0401-0E76-4646-8AB4-170CEC4233DD} = {200ED132-873B-4EF9-8A56-73BF49EE5EA0}
	EndGlobalSection
	GlobalSection(ExtensibilityGlobals) = postSolution
		SolutionGuid = {FC66207F-A66D-473F-8185-B63E17FCB9E2}
	EndGlobalSection
EndGlobal
