
Microsoft Visual Studio Solution File, Format Version 12.00
# Visual Studio Version 17
VisualStudioVersion = 17.0.31912.275
MinimumVisualStudioVersion = 10.0.40219.1
Project("{6EC3EE1D-3C4E-46DD-8F32-0CC8E7565705}") = "PhillipiansProxy", "PhillipiansProxy\PhillipiansProxy.fsproj", "{CDCCE45F-D6B5-43B6-A475-4826D63A22E3}"
EndProject
Project("{6EC3EE1D-3C4E-46DD-8F32-0CC8E7565705}") = "ImageClassificationTest", "ImageClassificationTest\ImageClassificationTest.fsproj", "{A9C33FBE-E0C3-4E1B-B51A-5C29AE46D7B6}"
EndProject
Project("{9A19103F-16F7-4668-BE54-9A1E7A4F7556}") = "TensorModel", "TensorModel\TensorModel.csproj", "{1585CC39-EA77-4983-A762-98D74A7584E5}"
EndProject
Project("{6EC3EE1D-3C4E-46DD-8F32-0CC8E7565705}") = "NetToNodeJsTest", "NetToNodeJsTest\NetToNodeJsTest.fsproj", "{F74D954E-32DC-4F55-95B0-CAE354F42798}"
EndProject
Project("{9A19103F-16F7-4668-BE54-9A1E7A4F7556}") = "NsfwSpy", "..\..\..\..\Sources\public\NsfwSpy\NsfwSpy\NsfwSpy.csproj", "{62AB0375-8A99-4D95-8939-A3E9EB1FBA12}"
EndProject
Global
	GlobalSection(SolutionConfigurationPlatforms) = preSolution
		Debug|Any CPU = Debug|Any CPU
		Debug|ARM = Debug|ARM
		Debug|ARM64 = Debug|ARM64
		Debug|x64 = Debug|x64
		Debug|x86 = Debug|x86
		Release|Any CPU = Release|Any CPU
		Release|ARM = Release|ARM
		Release|ARM64 = Release|ARM64
		Release|x64 = Release|x64
		Release|x86 = Release|x86
	EndGlobalSection
	GlobalSection(ProjectConfigurationPlatforms) = postSolution
		{CDCCE45F-D6B5-43B6-A475-4826D63A22E3}.Debug|Any CPU.ActiveCfg = Debug|Any CPU
		{CDCCE45F-D6B5-43B6-A475-4826D63A22E3}.Debug|Any CPU.Build.0 = Debug|Any CPU
		{CDCCE45F-D6B5-43B6-A475-4826D63A22E3}.Debug|ARM.ActiveCfg = Debug|Any CPU
		{CDCCE45F-D6B5-43B6-A475-4826D63A22E3}.Debug|ARM.Build.0 = Debug|Any CPU
		{CDCCE45F-D6B5-43B6-A475-4826D63A22E3}.Debug|ARM64.ActiveCfg = Debug|Any CPU
		{CDCCE45F-D6B5-43B6-A475-4826D63A22E3}.Debug|ARM64.Build.0 = Debug|Any CPU
		{CDCCE45F-D6B5-43B6-A475-4826D63A22E3}.Debug|x64.ActiveCfg = Debug|Any CPU
		{CDCCE45F-D6B5-43B6-A475-4826D63A22E3}.Debug|x64.Build.0 = Debug|Any CPU
		{CDCCE45F-D6B5-43B6-A475-4826D63A22E3}.Debug|x86.ActiveCfg = Debug|Any CPU
		{CDCCE45F-D6B5-43B6-A475-4826D63A22E3}.Debug|x86.Build.0 = Debug|Any CPU
		{CDCCE45F-D6B5-43B6-A475-4826D63A22E3}.Release|Any CPU.ActiveCfg = Release|Any CPU
		{CDCCE45F-D6B5-43B6-A475-4826D63A22E3}.Release|Any CPU.Build.0 = Release|Any CPU
		{CDCCE45F-D6B5-43B6-A475-4826D63A22E3}.Release|ARM.ActiveCfg = Release|Any CPU
		{CDCCE45F-D6B5-43B6-A475-4826D63A22E3}.Release|ARM.Build.0 = Release|Any CPU
		{CDCCE45F-D6B5-43B6-A475-4826D63A22E3}.Release|ARM64.ActiveCfg = Release|Any CPU
		{CDCCE45F-D6B5-43B6-A475-4826D63A22E3}.Release|ARM64.Build.0 = Release|Any CPU
		{CDCCE45F-D6B5-43B6-A475-4826D63A22E3}.Release|x64.ActiveCfg = Release|Any CPU
		{CDCCE45F-D6B5-43B6-A475-4826D63A22E3}.Release|x64.Build.0 = Release|Any CPU
		{CDCCE45F-D6B5-43B6-A475-4826D63A22E3}.Release|x86.ActiveCfg = Release|Any CPU
		{CDCCE45F-D6B5-43B6-A475-4826D63A22E3}.Release|x86.Build.0 = Release|Any CPU
		{A9C33FBE-E0C3-4E1B-B51A-5C29AE46D7B6}.Debug|Any CPU.ActiveCfg = Debug|Any CPU
		{A9C33FBE-E0C3-4E1B-B51A-5C29AE46D7B6}.Debug|Any CPU.Build.0 = Debug|Any CPU
		{A9C33FBE-E0C3-4E1B-B51A-5C29AE46D7B6}.Debug|ARM.ActiveCfg = Debug|Any CPU
		{A9C33FBE-E0C3-4E1B-B51A-5C29AE46D7B6}.Debug|ARM.Build.0 = Debug|Any CPU
		{A9C33FBE-E0C3-4E1B-B51A-5C29AE46D7B6}.Debug|ARM64.ActiveCfg = Debug|Any CPU
		{A9C33FBE-E0C3-4E1B-B51A-5C29AE46D7B6}.Debug|ARM64.Build.0 = Debug|Any CPU
		{A9C33FBE-E0C3-4E1B-B51A-5C29AE46D7B6}.Debug|x64.ActiveCfg = Debug|Any CPU
		{A9C33FBE-E0C3-4E1B-B51A-5C29AE46D7B6}.Debug|x64.Build.0 = Debug|Any CPU
		{A9C33FBE-E0C3-4E1B-B51A-5C29AE46D7B6}.Debug|x86.ActiveCfg = Debug|Any CPU
		{A9C33FBE-E0C3-4E1B-B51A-5C29AE46D7B6}.Debug|x86.Build.0 = Debug|Any CPU
		{A9C33FBE-E0C3-4E1B-B51A-5C29AE46D7B6}.Release|Any CPU.ActiveCfg = Release|Any CPU
		{A9C33FBE-E0C3-4E1B-B51A-5C29AE46D7B6}.Release|Any CPU.Build.0 = Release|Any CPU
		{A9C33FBE-E0C3-4E1B-B51A-5C29AE46D7B6}.Release|ARM.ActiveCfg = Release|Any CPU
		{A9C33FBE-E0C3-4E1B-B51A-5C29AE46D7B6}.Release|ARM.Build.0 = Release|Any CPU
		{A9C33FBE-E0C3-4E1B-B51A-5C29AE46D7B6}.Release|ARM64.ActiveCfg = Release|Any CPU
		{A9C33FBE-E0C3-4E1B-B51A-5C29AE46D7B6}.Release|ARM64.Build.0 = Release|Any CPU
		{A9C33FBE-E0C3-4E1B-B51A-5C29AE46D7B6}.Release|x64.ActiveCfg = Release|Any CPU
		{A9C33FBE-E0C3-4E1B-B51A-5C29AE46D7B6}.Release|x64.Build.0 = Release|Any CPU
		{A9C33FBE-E0C3-4E1B-B51A-5C29AE46D7B6}.Release|x86.ActiveCfg = Release|Any CPU
		{A9C33FBE-E0C3-4E1B-B51A-5C29AE46D7B6}.Release|x86.Build.0 = Release|Any CPU
		{1585CC39-EA77-4983-A762-98D74A7584E5}.Debug|Any CPU.ActiveCfg = Debug|Any CPU
		{1585CC39-EA77-4983-A762-98D74A7584E5}.Debug|Any CPU.Build.0 = Debug|Any CPU
		{1585CC39-EA77-4983-A762-98D74A7584E5}.Debug|ARM.ActiveCfg = Debug|Any CPU
		{1585CC39-EA77-4983-A762-98D74A7584E5}.Debug|ARM.Build.0 = Debug|Any CPU
		{1585CC39-EA77-4983-A762-98D74A7584E5}.Debug|ARM64.ActiveCfg = Debug|Any CPU
		{1585CC39-EA77-4983-A762-98D74A7584E5}.Debug|ARM64.Build.0 = Debug|Any CPU
		{1585CC39-EA77-4983-A762-98D74A7584E5}.Debug|x64.ActiveCfg = Debug|x64
		{1585CC39-EA77-4983-A762-98D74A7584E5}.Debug|x64.Build.0 = Debug|x64
		{1585CC39-EA77-4983-A762-98D74A7584E5}.Debug|x86.ActiveCfg = Debug|Any CPU
		{1585CC39-EA77-4983-A762-98D74A7584E5}.Debug|x86.Build.0 = Debug|Any CPU
		{1585CC39-EA77-4983-A762-98D74A7584E5}.Release|Any CPU.ActiveCfg = Release|Any CPU
		{1585CC39-EA77-4983-A762-98D74A7584E5}.Release|Any CPU.Build.0 = Release|Any CPU
		{1585CC39-EA77-4983-A762-98D74A7584E5}.Release|ARM.ActiveCfg = Release|Any CPU
		{1585CC39-EA77-4983-A762-98D74A7584E5}.Release|ARM.Build.0 = Release|Any CPU
		{1585CC39-EA77-4983-A762-98D74A7584E5}.Release|ARM64.ActiveCfg = Release|Any CPU
		{1585CC39-EA77-4983-A762-98D74A7584E5}.Release|ARM64.Build.0 = Release|Any CPU
		{1585CC39-EA77-4983-A762-98D74A7584E5}.Release|x64.ActiveCfg = Release|x64
		{1585CC39-EA77-4983-A762-98D74A7584E5}.Release|x64.Build.0 = Release|x64
		{1585CC39-EA77-4983-A762-98D74A7584E5}.Release|x86.ActiveCfg = Release|Any CPU
		{1585CC39-EA77-4983-A762-98D74A7584E5}.Release|x86.Build.0 = Release|Any CPU
		{F74D954E-32DC-4F55-95B0-CAE354F42798}.Debug|Any CPU.ActiveCfg = Debug|Any CPU
		{F74D954E-32DC-4F55-95B0-CAE354F42798}.Debug|Any CPU.Build.0 = Debug|Any CPU
		{F74D954E-32DC-4F55-95B0-CAE354F42798}.Debug|ARM.ActiveCfg = Debug|Any CPU
		{F74D954E-32DC-4F55-95B0-CAE354F42798}.Debug|ARM.Build.0 = Debug|Any CPU
		{F74D954E-32DC-4F55-95B0-CAE354F42798}.Debug|ARM64.ActiveCfg = Debug|Any CPU
		{F74D954E-32DC-4F55-95B0-CAE354F42798}.Debug|ARM64.Build.0 = Debug|Any CPU
		{F74D954E-32DC-4F55-95B0-CAE354F42798}.Debug|x64.ActiveCfg = Debug|Any CPU
		{F74D954E-32DC-4F55-95B0-CAE354F42798}.Debug|x64.Build.0 = Debug|Any CPU
		{F74D954E-32DC-4F55-95B0-CAE354F42798}.Debug|x86.ActiveCfg = Debug|Any CPU
		{F74D954E-32DC-4F55-95B0-CAE354F42798}.Debug|x86.Build.0 = Debug|Any CPU
		{F74D954E-32DC-4F55-95B0-CAE354F42798}.Release|Any CPU.ActiveCfg = Release|Any CPU
		{F74D954E-32DC-4F55-95B0-CAE354F42798}.Release|Any CPU.Build.0 = Release|Any CPU
		{F74D954E-32DC-4F55-95B0-CAE354F42798}.Release|ARM.ActiveCfg = Release|Any CPU
		{F74D954E-32DC-4F55-95B0-CAE354F42798}.Release|ARM.Build.0 = Release|Any CPU
		{F74D954E-32DC-4F55-95B0-CAE354F42798}.Release|ARM64.ActiveCfg = Release|Any CPU
		{F74D954E-32DC-4F55-95B0-CAE354F42798}.Release|ARM64.Build.0 = Release|Any CPU
		{F74D954E-32DC-4F55-95B0-CAE354F42798}.Release|x64.ActiveCfg = Release|Any CPU
		{F74D954E-32DC-4F55-95B0-CAE354F42798}.Release|x64.Build.0 = Release|Any CPU
		{F74D954E-32DC-4F55-95B0-CAE354F42798}.Release|x86.ActiveCfg = Release|Any CPU
		{F74D954E-32DC-4F55-95B0-CAE354F42798}.Release|x86.Build.0 = Release|Any CPU
		{62AB0375-8A99-4D95-8939-A3E9EB1FBA12}.Debug|Any CPU.ActiveCfg = Debug|Any CPU
		{62AB0375-8A99-4D95-8939-A3E9EB1FBA12}.Debug|Any CPU.Build.0 = Debug|Any CPU
		{62AB0375-8A99-4D95-8939-A3E9EB1FBA12}.Debug|ARM.ActiveCfg = Debug|Any CPU
		{62AB0375-8A99-4D95-8939-A3E9EB1FBA12}.Debug|ARM.Build.0 = Debug|Any CPU
		{62AB0375-8A99-4D95-8939-A3E9EB1FBA12}.Debug|ARM64.ActiveCfg = Debug|Any CPU
		{62AB0375-8A99-4D95-8939-A3E9EB1FBA12}.Debug|ARM64.Build.0 = Debug|Any CPU
		{62AB0375-8A99-4D95-8939-A3E9EB1FBA12}.Debug|x64.ActiveCfg = Debug|Any CPU
		{62AB0375-8A99-4D95-8939-A3E9EB1FBA12}.Debug|x64.Build.0 = Debug|Any CPU
		{62AB0375-8A99-4D95-8939-A3E9EB1FBA12}.Debug|x86.ActiveCfg = Debug|Any CPU
		{62AB0375-8A99-4D95-8939-A3E9EB1FBA12}.Debug|x86.Build.0 = Debug|Any CPU
		{62AB0375-8A99-4D95-8939-A3E9EB1FBA12}.Release|Any CPU.ActiveCfg = Release|Any CPU
		{62AB0375-8A99-4D95-8939-A3E9EB1FBA12}.Release|Any CPU.Build.0 = Release|Any CPU
		{62AB0375-8A99-4D95-8939-A3E9EB1FBA12}.Release|ARM.ActiveCfg = Release|Any CPU
		{62AB0375-8A99-4D95-8939-A3E9EB1FBA12}.Release|ARM.Build.0 = Release|Any CPU
		{62AB0375-8A99-4D95-8939-A3E9EB1FBA12}.Release|ARM64.ActiveCfg = Release|Any CPU
		{62AB0375-8A99-4D95-8939-A3E9EB1FBA12}.Release|ARM64.Build.0 = Release|Any CPU
		{62AB0375-8A99-4D95-8939-A3E9EB1FBA12}.Release|x64.ActiveCfg = Release|Any CPU
		{62AB0375-8A99-4D95-8939-A3E9EB1FBA12}.Release|x64.Build.0 = Release|Any CPU
		{62AB0375-8A99-4D95-8939-A3E9EB1FBA12}.Release|x86.ActiveCfg = Release|Any CPU
		{62AB0375-8A99-4D95-8939-A3E9EB1FBA12}.Release|x86.Build.0 = Release|Any CPU
	EndGlobalSection
	GlobalSection(SolutionProperties) = preSolution
		HideSolutionNode = FALSE
	EndGlobalSection
	GlobalSection(ExtensibilityGlobals) = postSolution
		SolutionGuid = {FC66207F-A66D-473F-8185-B63E17FCB9E2}
	EndGlobalSection
EndGlobal
